
Microsoft Visual Studio Solution File, Format Version 12.00
# Visual Studio Version 17
VisualStudioVersion = 17.7.34009.444
MinimumVisualStudioVersion = 10.0.40219.1
Project("{9A19103F-16F7-4668-BE54-9A1E7A4F7556}") = "ProjektMitAPI", "ProjektMitAPI\ProjektMitAPI.csproj", "{919D14D0-FE65-4816-8AD3-CD73F684541B}"
EndProject
Global
	GlobalSection(SolutionConfigurationPlatforms) = preSolution
		Debug|Any CPU = Debug|Any CPU
		Release|Any CPU = Release|Any CPU
	EndGlobalSection
	GlobalSection(ProjectConfigurationPlatforms) = postSolution
		{919D14D0-FE65-4816-8AD3-CD73F684541B}.Debug|Any CPU.ActiveCfg = Debug|Any CPU
		{919D14D0-FE65-4816-8AD3-CD73F684541B}.Debug|Any CPU.Build.0 = Debug|Any CPU
		{919D14D0-FE65-4816-8AD3-CD73F684541B}.Release|Any CPU.ActiveCfg = Release|Any CPU
		{919D14D0-FE65-4816-8AD3-CD73F684541B}.Release|Any CPU.Build.0 = Release|Any CPU
	EndGlobalSection
	GlobalSection(SolutionProperties) = preSolution
		HideSolutionNode = FALSE
	EndGlobalSection
	GlobalSection(ExtensibilityGlobals) = postSolution
		SolutionGuid = {F695A71D-7586-4D50-9969-49B077F63D60}
	EndGlobalSection
EndGlobal
